
Microsoft Visual Studio Solution File, Format Version 12.00
# Visual Studio Version 16
VisualStudioVersion = 16.0.31424.327
MinimumVisualStudioVersion = 10.0.40219.1
Project("{FAE04EC0-301F-11D3-BF4B-00C04F79EFBC}") = "FileManager", "FileManager\FileManager.csproj", "{6702427F-3127-4307-A4DC-91B9C26A2155}"
EndProject
Global
	GlobalSection(SolutionConfigurationPlatforms) = preSolution
		Debug|Any CPU = Debug|Any CPU
		Release|Any CPU = Release|Any CPU
	EndGlobalSection
	GlobalSection(ProjectConfigurationPlatforms) = postSolution
		{6702427F-3127-4307-A4DC-91B9C26A2155}.Debug|Any CPU.ActiveCfg = Debug|Any CPU
		{6702427F-3127-4307-A4DC-91B9C26A2155}.Debug|Any CPU.Build.0 = Debug|Any CPU
		{6702427F-3127-4307-A4DC-91B9C26A2155}.Release|Any CPU.ActiveCfg = Release|Any CPU
		{6702427F-3127-4307-A4DC-91B9C26A2155}.Release|Any CPU.Build.0 = Release|Any CPU
	EndGlobalSection
	GlobalSection(SolutionProperties) = preSolution
		HideSolutionNode = FALSE
	EndGlobalSection
	GlobalSection(ExtensibilityGlobals) = postSolution
		SolutionGuid = {79E14196-E306-4466-8D79-0FD2E76FED94}
	EndGlobalSection
EndGlobal
